astroid==4.0.2
attrs==25.4.0
click==8.1.8
dataclasses-json==0.5.7
dill==0.4.0
fixit==2.2.1
flake8==7.3.0
immutabledict==4.2.2
importlab==0.8.1
isort==7.0.0
Jinja2==3.1.6
libcst==1.8.6
librt==0.6.3
MarkupSafe==3.0.3
marshmallow==3.26.1
marshmallow-enum==1.5.1
mccabe==0.7.0
moreorless==0.5.0
msgspec==0.20.0
mypy==1.19.0
mypy_extensions==1.1.0
networkx==3.6
ninja==1.13.0
nodeenv==1.9.1
packaging==25.0
pathspec==0.12.1
platformdirs==4.5.0
psutil==7.1.3
pycnite==2024.7.31
pycodestyle==2.14.0
pydot==4.0.1
pyflakes==3.4.0
Pygments==2.19.2
pylint==4.0.3
pyparsing==3.2.5
pyre-check==0.9.25
pyre-extensions==0.0.32
pyright==1.1.407
pytype==2024.10.11
PyYAML==6.0.3
PyYAML-ft==8.0.0
ruff==0.14.7
tabulate==0.9.0
TestSlide==2.7.1
toml==0.10.2
tomli==2.3.0
tomli_w==1.2.0
tomlkit==0.13.3
trailrunner==1.4.0
typeguard==2.13.3
typing-inspect==0.9.0
typing_extensions==4.15.0
yamllint==1.37.1
